# This file is autogenerated, do not edit; changes may be undone by the next 'dep ensure'.


[[projects]]
  name = "cloud.google.com/go"
  packages = ["compute/metadata"]
  revision = "97efc2c9ffd9fe8ef47f7f3203dc60bbca547374"
  version = "v0.28.0"

[[projects]]
  name = "git.apache.org/thrift.git"
  packages = ["lib/go/thrift"]
  revision = "c564651dd404d7e9ff6bf7e5b343f429b9e5208"

[[projects]]
  name = "github.com/PuerkitoBio/purell"
  packages = ["."]
  revision = "0bcb03f4b4d0a9428594752bd2a3b9aa0a9d4bd4"
  version = "v1.1.0"

[[projects]]
  branch = "master"
  name = "github.com/PuerkitoBio/urlesc"
  packages = ["."]
  revision = "de5bf2ad457846296e2031421a34e2568e304e35"

[[projects]]
  name = "github.com/cpuguy83/go-md2man"
  packages = ["md2man"]
  revision = "20f5889cbdc3c73dbd2862796665e7c465ade7d1"
  version = "v1.0.8"

[[projects]]
  name = "github.com/davecgh/go-spew"
  packages = ["spew"]
  revision = "8991bc29aa16c548c550c7ff78260e27b9ab7c73"
  version = "v1.1.1"

[[projects]]
  name = "github.com/emicklei/go-restful"
  packages = [".","log"]
  revision = "3eb9738c1697594ea6e71a7156a9bb32ed216cf0"
  version = "v2.8.0"

[[projects]]
  name = "github.com/fsnotify/fsnotify"
  packages = ["."]
  revision = "c2828203cd70a50dcccfb2761f8b1f8ceef9a8e9"
  version = "v1.4.7"

[[projects]]
  name = "github.com/ghodss/yaml"
  packages = ["."]
  revision = "0ca9ea5df5451ffdf184b4428c902747c2c11cd7"
  version = "v1.0.0"

[[projects]]
  branch = "master"
  name = "github.com/go-logr/logr"
  packages = ["."]
  revision = "9fb12b3b21c5415d16ac18dc5cd42c1cfdd40c4e"

[[projects]]
  branch = "master"
  name = "github.com/go-logr/zapr"
  packages = ["."]
  revision = "7536572e8d55209135cd5e7ccf7fce43dca217ab"

[[projects]]
  name = "github.com/go-openapi/jsonpointer"
  packages = ["."]
  revision = "ef5f0afec364d3b9396b7b77b43dbe26bf1f8004"
  version = "v0.17.2"

[[projects]]
  name = "github.com/go-openapi/jsonreference"
  packages = ["."]
  revision = "8483a886a90412cd6858df4ea3483dce9c8e35a3"
  version = "v0.17.2"

[[projects]]
  name = "github.com/go-openapi/spec"
  packages = ["."]
  revision = "5bae59e25b21498baea7f9d46e9c147ec106a42e"
  version = "v0.17.2"

[[projects]]
  name = "github.com/go-openapi/swag"
  packages = ["."]
  revision = "5899d5c5e619fda5fa86e14795a835f473ca284c"
  version = "v0.17.2"

[[projects]]
  name = "github.com/go-sql-driver/mysql"
  packages = ["."]
  revision = "d523deb1b23d913de5bdada721a6071e71283618"
  version = "v1.4.0"

[[projects]]
  name = "github.com/gobuffalo/envy"
  packages = ["."]
  revision = "3c96536452167a705ca5a70b831d3810e1e10452"
  version = "v1.6.4"

[[projects]]
  name = "github.com/gogo/protobuf"
  packages = ["proto","sortkeys"]
  revision = "636bf0302bc95575d69441b25a2603156ffdddf1"
  version = "v1.1.1"

[[projects]]
  branch = "master"
  name = "github.com/golang/glog"
  packages = ["."]
  revision = "23def4e6c14b4da8ac2ed8007337bc5eb5007998"

[[projects]]
  branch = "master"
  name = "github.com/golang/groupcache"
  packages = ["lru"]
  revision = "24b0969c4cb722950103eed87108c8d291a8df00"

[[projects]]
  name = "github.com/golang/mock"
  packages = ["gomock"]
  revision = "c34cdb4725f4c3844d095133c6e40e448b86589b"
  version = "v1.1.1"

[[projects]]
  name = "github.com/golang/protobuf"
  packages = ["jsonpb","proto","protoc-gen-go","protoc-gen-go/descriptor","protoc-gen-go/generator","protoc-gen-go/generator/internal/remap","protoc-gen-go/grpc","protoc-gen-go/plugin","ptypes","ptypes/any","ptypes/duration","ptypes/struct","ptypes/timestamp"]
  revision = "aa810b61a9c79d51363740d207bb46cf8e620ed5"
  version = "v1.2.0"

[[projects]]
  branch = "master"
  name = "github.com/google/gofuzz"
  packages = ["."]
  revision = "24818f796faf91cd76ec7bddd72458fbced7a6c1"

[[projects]]
  name = "github.com/google/uuid"
  packages = ["."]
  revision = "9b3b1e0f5f99ae461456d768e7d301a7acdaa2d8"
  version = "v1.1.0"

[[projects]]
  name = "github.com/googleapis/gnostic"
  packages = ["OpenAPIv2","compiler","extensions"]
  revision = "7c663266750e7d82587642f65e60bc4083f1f84e"
  version = "v0.2.0"

[[projects]]
  name = "github.com/grpc-ecosystem/grpc-gateway"
  packages = ["codegenerator","protoc-gen-grpc-gateway","protoc-gen-grpc-gateway/descriptor","protoc-gen-grpc-gateway/generator","protoc-gen-grpc-gateway/gengateway","protoc-gen-grpc-gateway/httprule","protoc-gen-swagger","protoc-gen-swagger/genswagger","protoc-gen-swagger/options","runtime","runtime/internal","utilities"]
  revision = "92583770e3f01b09a0d3e9bdf64321d8bebd48f2"
  version = "v1.4.1"

[[projects]]
  name = "github.com/hashicorp/golang-lru"
  packages = [".","simplelru"]
  revision = "20f1fb78b0740ba8c3cb143a61e86ba5c8669768"
  version = "v0.5.0"

[[projects]]
  name = "github.com/hashicorp/hcl"
  packages = [".","hcl/ast","hcl/parser","hcl/printer","hcl/scanner","hcl/strconv","hcl/token","json/parser","json/scanner","json/token"]
  revision = "8cb6e5b959231cc1119e43259c4a608f9c51a241"
  version = "v1.0.0"

[[projects]]
  branch = "master"
  name = "github.com/howeyc/gopass"
  packages = ["."]
  revision = "bf9dde6d0d2c004a008c27aaee91170c786f6db8"

[[projects]]
  name = "github.com/hpcloud/tail"
  packages = [".","ratelimiter","util","watch","winfile"]
  revision = "a30252cb686a21eb2d0b98132633053ec2f7f1e5"
  version = "v1.0.0"

[[projects]]
  name = "github.com/imdario/mergo"
  packages = ["."]
  revision = "9f23e2d6bd2a77f959b2bf6acdbefd708a83a4a4"
  version = "v0.3.6"

[[projects]]
  name = "github.com/inconshreveable/mousetrap"
  packages = ["."]
  revision = "76626ae9c91c4f2a10f34cad8ce83ea42c93bb75"
  version = "v1.0"

[[projects]]
  name = "github.com/joho/godotenv"
  packages = ["."]
  revision = "23d116af351c84513e1946b527c88823e476be13"
  version = "v1.3.0"

[[projects]]
  name = "github.com/json-iterator/go"
  packages = ["."]
  revision = "1624edc4454b8682399def8740d46db5e4362ba4"
  version = "v1.1.5"

[[projects]]
  name = "github.com/kubeflow/pytorch-operator"
  packages = ["pkg/apis/pytorch/v1beta1"]
  revision = "97b3b9974baf73959329ae9ee4d18ef5b85a61a7"
  version = "v0.4.0-rc.1"

[[projects]]
  name = "github.com/kubeflow/tf-operator"
  packages = ["pkg/apis/common/v1beta1","pkg/apis/tensorflow/v1beta1"]
  revision = "bb0115fbf9eefa19875241da8700aa8d00ff7084"
  version = "v0.4.0-rc.1"

[[projects]]
  name = "github.com/magiconair/properties"
  packages = ["."]
  revision = "c2353362d570a7bfa228149c62842019201cfb71"
  version = "v1.8.0"

[[projects]]
  branch = "master"
  name = "github.com/mailru/easyjson"
  packages = ["buffer","jlexer","jwriter"]
  revision = "60711f1a8329503b04e1c88535f419d0bb440bff"

[[projects]]
  name = "github.com/markbates/inflect"
  packages = ["."]
  revision = "dd7de90c06bca70f18136e59dec2270c19a401e7"
  version = "v1.0.0"

[[projects]]
  name = "github.com/mitchellh/mapstructure"
  packages = ["."]
  revision = "fa473d140ef3c6adf42d6b391fe76707f1f243c8"
  version = "v1.0.0"

[[projects]]
  name = "github.com/modern-go/concurrent"
  packages = ["."]
  revision = "bacd9c7ef1dd9b15be4a9909b8ac7a4e313eec94"
  version = "1.0.3"

[[projects]]
  name = "github.com/modern-go/reflect2"
  packages = ["."]
  revision = "4b7aa43c6742a2c18fdef89dd197aaae7dac7ccd"
  version = "1.0.1"

[[projects]]
  name = "github.com/onsi/ginkgo"
  packages = [".","config","internal/codelocation","internal/containernode","internal/failer","internal/leafnodes","internal/remote","internal/spec","internal/spec_iterator","internal/specrunner","internal/suite","internal/testingtproxy","internal/writer","reporters","reporters/stenographer","reporters/stenographer/support/go-colorable","reporters/stenographer/support/go-isatty","types"]
  revision = "3774a09d95489ccaa16032e0770d08ea77ba6184"
  version = "v1.6.0"

[[projects]]
  name = "github.com/onsi/gomega"
  packages = [".","format","gbytes","gexec","internal/assertion","internal/asyncassertion","internal/oraclematcher","internal/testingtsupport","matchers","matchers/support/goraph/bipartitegraph","matchers/support/goraph/edge","matchers/support/goraph/node","matchers/support/goraph/util","types"]
  revision = "7615b9433f86a8bdf29709bf288bc4fd0636a369"
  version = "v1.4.2"

[[projects]]
  name = "github.com/pborman/uuid"
  packages = ["."]
  revision = "adf5a7427709b9deb95d29d3fa8a2bf9cfd388f1"
  version = "v1.2"

[[projects]]
  name = "github.com/pelletier/go-toml"
  packages = ["."]
  revision = "c01d1270ff3e442a8a57cddc1c92dc1138598194"
  version = "v1.2.0"

[[projects]]
  name = "github.com/pkg/errors"
  packages = ["."]
  revision = "645ef00459ed84a119197bfb8d8205042c6df63d"
  version = "v0.8.0"

[[projects]]
  name = "github.com/pressly/chi"
  packages = ["."]
  revision = "b5294d10673813fac8558e7f47242bc9e61b4c25"
  version = "v3.3.3"

[[projects]]
  name = "github.com/russross/blackfriday"
  packages = ["."]
  revision = "55d61fa8aa702f59229e6cff85793c22e580eaf5"
  version = "v1.5.1"

[[projects]]
  name = "github.com/spf13/afero"
  packages = [".","mem"]
  revision = "d40851caa0d747393da1ffb28f7f9d8b4eeffebd"
  version = "v1.1.2"

[[projects]]
  name = "github.com/spf13/cast"
  packages = ["."]
  revision = "8965335b8c7107321228e3e3702cab9832751bac"
  version = "v1.2.0"

[[projects]]
  name = "github.com/spf13/cobra"
  packages = [".","doc"]
  revision = "ef82de70bb3f60c65fb8eebacbb2d122ef517385"
  version = "v0.0.3"

[[projects]]
  name = "github.com/spf13/jwalterweatherman"
  packages = ["."]
  revision = "4a4406e478ca629068e7768fc33f3f044173c0a6"
  version = "v1.0.0"

[[projects]]
  name = "github.com/spf13/pflag"
  packages = ["."]
  revision = "9a97c102cda95a86cec2345a6f09f55a939babf5"
  version = "v1.0.2"

[[projects]]
  name = "github.com/spf13/viper"
  packages = ["."]
  revision = "8fb642006536c8d3760c99d4fa2389f5e2205631"
  version = "v1.2.0"

[[projects]]
  name = "go.uber.org/atomic"
  packages = ["."]
  revision = "1ea20fb1cbb1cc08cbd0d913a96dead89aa18289"
  version = "v1.3.2"

[[projects]]
  name = "go.uber.org/multierr"
  packages = ["."]
  revision = "3c4937480c32f4c13a875a1829af76c98ca3d40a"
  version = "v1.1.0"

[[projects]]
  name = "go.uber.org/zap"
  packages = [".","buffer","internal/bufferpool","internal/color","internal/exit","zapcore"]
  revision = "ff33455a0e382e8a81d14dd7c922020b6b5e7982"
  version = "v1.9.1"

[[projects]]
  branch = "master"
  name = "golang.org/x/crypto"
  packages = ["ssh/terminal"]
  revision = "0e37d006457bf46f9e6692014ba72ef82c33022c"

[[projects]]
  name = "golang.org/x/net"
  packages = ["context","context/ctxhttp","html","html/atom","html/charset","http/httpguts","http2","http2/hpack","idna","internal/timeseries","lex/httplex","trace"]
  revision = "640f4622ab692b87c2f3a94265e6f579fe38263d"

[[projects]]
  branch = "master"
  name = "golang.org/x/oauth2"
  packages = [".","google","internal","jws","jwt"]
  revision = "d2e6202438beef2727060aa7cabdd924d92ebfd9"

[[projects]]
  branch = "master"
  name = "golang.org/x/sys"
  packages = ["unix","windows"]
  revision = "d641721ec2dead6fe5ca284096fe4b1fcd49e427"

[[projects]]
  name = "golang.org/x/text"
  packages = ["collate","collate/build","encoding","encoding/charmap","encoding/htmlindex","encoding/internal","encoding/internal/identifier","encoding/japanese","encoding/korean","encoding/simplifiedchinese","encoding/traditionalchinese","encoding/unicode","internal/colltab","internal/gen","internal/tag","internal/triegen","internal/ucd","internal/utf8internal","language","runes","secure/bidirule","transform","unicode/bidi","unicode/cldr","unicode/norm","unicode/rangetable","width"]
  revision = "f21a4dfb5e38f5895301dc265a8def02365cc3d0"
  version = "v0.3.0"

[[projects]]
  branch = "master"
  name = "golang.org/x/time"
  packages = ["rate"]
  revision = "fbb02b2291d28baffd63558aa44b4b56f178d650"

[[projects]]
  branch = "master"
  name = "golang.org/x/tools"
  packages = ["go/ast/astutil","imports","internal/fastwalk"]
  revision = "90fa682c2a6e6a37b3a1364ce2fe1d5e41af9d6d"

[[projects]]
  name = "google.golang.org/appengine"
  packages = [".","cloudsql","internal","internal/app_identity","internal/base","internal/datastore","internal/log","internal/modules","internal/remote_api","internal/urlfetch","urlfetch"]
  revision = "ae0ab99deb4dc413a2b4bd6c8bdd0eb67f1e4d06"
  version = "v1.2.0"

[[projects]]
  branch = "master"
  name = "google.golang.org/genproto"
  packages = ["googleapis/api/annotations","googleapis/rpc/status"]
  revision = "c3f76f3b92d1ffa4c58a9ff842a58b8877655e0f"

[[projects]]
  name = "google.golang.org/grpc"
  packages = [".","balancer","balancer/base","balancer/roundrobin","codes","connectivity","credentials","encoding","encoding/proto","grpclog","internal","internal/backoff","internal/channelz","internal/envconfig","internal/grpcrand","internal/transport","keepalive","metadata","naming","peer","reflection","reflection/grpc_reflection_v1alpha","resolver","resolver/dns","resolver/passthrough","stats","status","tap"]
  revision = "8dea3dc473e90c8179e519d91302d0597c0ca1d1"
  version = "v1.15.0"

[[projects]]
  name = "gopkg.in/DATA-DOG/go-sqlmock.v1"
  packages = ["."]
  revision = "d76b18b42f285b792bf985118980ce9eacea9d10"
  version = "v1.3.0"

[[projects]]
  name = "gopkg.in/fsnotify.v1"
  packages = ["."]
  revision = "c2828203cd70a50dcccfb2761f8b1f8ceef9a8e9"
  source = "https://github.com/fsnotify/fsnotify.git"
  version = "v1.4.7"

[[projects]]
  name = "gopkg.in/inf.v0"
  packages = ["."]
  revision = "d2d2541c53f18d2a059457998ce2876cc8e67cbf"
  version = "v0.9.1"

[[projects]]
  branch = "v1"
  name = "gopkg.in/tomb.v1"
  packages = ["."]
  revision = "dd632973f1e7218eb1089048e0798ec9ae7dceb8"

[[projects]]
  name = "gopkg.in/yaml.v2"
  packages = ["."]
  revision = "5420a8b6744d3b0345ab293f6fcba19c978f1183"
  version = "v2.2.1"

[[projects]]
  name = "k8s.io/api"
  packages = ["admissionregistration/v1alpha1","admissionregistration/v1beta1","apps/v1","apps/v1beta1","apps/v1beta2","authentication/v1","authentication/v1beta1","authorization/v1","authorization/v1beta1","autoscaling/v1","autoscaling/v2beta1","batch/v1","batch/v1beta1","batch/v2alpha1","certificates/v1beta1","core/v1","events/v1beta1","extensions/v1beta1","networking/v1","policy/v1beta1","rbac/v1","rbac/v1alpha1","rbac/v1beta1","scheduling/v1alpha1","settings/v1alpha1","storage/v1","storage/v1alpha1","storage/v1beta1"]
  revision = "73d903622b7391f3312dcbac6483fed484e185f8"
  version = "kubernetes-1.10.1"

[[projects]]
  name = "k8s.io/apiextensions-apiserver"
  packages = ["pkg/apis/apiextensions","pkg/apis/apiextensions/v1beta1"]
  revision = "4347b330d0ff094db860f2f75fa725b4f4b53618"
  version = "kubernetes-1.10.1"

[[projects]]
  name = "k8s.io/apimachinery"
  packages = ["pkg/api/errors","pkg/api/meta","pkg/api/resource","pkg/apimachinery","pkg/apimachinery/announced","pkg/apimachinery/registered","pkg/apis/meta/internalversion","pkg/apis/meta/v1","pkg/apis/meta/v1/unstructured","pkg/apis/meta/v1beta1","pkg/conversion","pkg/conversion/queryparams","pkg/fields","pkg/labels","pkg/runtime","pkg/runtime/schema","pkg/runtime/serializer","pkg/runtime/serializer/json","pkg/runtime/serializer/protobuf","pkg/runtime/serializer/recognizer","pkg/runtime/serializer/streaming","pkg/runtime/serializer/versioning","pkg/selection","pkg/types","pkg/util/cache","pkg/util/clock","pkg/util/diff","pkg/util/errors","pkg/util/framer","pkg/util/intstr","pkg/util/json","pkg/util/mergepatch","pkg/util/net","pkg/util/runtime","pkg/util/sets","pkg/util/strategicpatch","pkg/util/uuid","pkg/util/validation","pkg/util/validation/field","pkg/util/wait","pkg/util/yaml","pkg/version","pkg/watch","third_party/forked/golang/json","third_party/forked/golang/reflect"]
  revision = "302974c03f7e50f16561ba237db776ab93594ef6"
  version = "kubernetes-1.10.1"

[[projects]]
  name = "k8s.io/client-go"
  packages = ["discovery","dynamic","kubernetes","kubernetes/scheme","kubernetes/typed/admissionregistration/v1alpha1","kubernetes/typed/admissionregistration/v1beta1","kubernetes/typed/apps/v1","kubernetes/typed/apps/v1beta1","kubernetes/typed/apps/v1beta2","kubernetes/typed/authentication/v1","kubernetes/typed/authentication/v1beta1","kubernetes/typed/authorization/v1","kubernetes/typed/authorization/v1beta1","kubernetes/typed/autoscaling/v1","kubernetes/typed/autoscaling/v2beta1","kubernetes/typed/batch/v1","kubernetes/typed/batch/v1beta1","kubernetes/typed/batch/v2alpha1","kubernetes/typed/certificates/v1beta1","kubernetes/typed/core/v1","kubernetes/typed/events/v1beta1","kubernetes/typed/extensions/v1beta1","kubernetes/typed/networking/v1","kubernetes/typed/policy/v1beta1","kubernetes/typed/rbac/v1","kubernetes/typed/rbac/v1alpha1","kubernetes/typed/rbac/v1beta1","kubernetes/typed/scheduling/v1alpha1","kubernetes/typed/settings/v1alpha1","kubernetes/typed/storage/v1","kubernetes/typed/storage/v1alpha1","kubernetes/typed/storage/v1beta1","pkg/apis/clientauthentication","pkg/apis/clientauthentication/v1alpha1","pkg/version","plugin/pkg/client/auth/exec","plugin/pkg/client/auth/gcp","rest","rest/watch","third_party/forked/golang/template","tools/auth","tools/cache","tools/clientcmd","tools/clientcmd/api","tools/clientcmd/api/latest","tools/clientcmd/api/v1","tools/metrics","tools/pager","tools/record","tools/reference","transport","util/buffer","util/cert","util/flowcontrol","util/homedir","util/integer","util/jsonpath","util/retry","util/workqueue"]
  revision = "989be4278f353e42f26c416c53757d16fcff77db"
  version = "kubernetes-1.10.1"

[[projects]]
  branch = "master"
  name = "k8s.io/code-generator"
  packages = ["cmd/deepcopy-gen","cmd/deepcopy-gen/args","pkg/util"]
  revision = "aae79feb89bdded3679da91fd8c19b6dfcbdb79a"

[[projects]]
  branch = "master"
  name = "k8s.io/gengo"
  packages = ["args","examples/deepcopy-gen/generators","examples/set-gen/sets","generator","namer","parser","types"]
  revision = "4242d8e6c5dba56827bb7bcf14ad11cda38f3991"

[[projects]]
  branch = "release-1.10"
  name = "k8s.io/kube-openapi"
  packages = ["pkg/common","pkg/util/proto"]
  revision = "39cb288412c48cb533ba4be5d6c28620b9a0c1b4"

[[projects]]
  name = "sigs.k8s.io/controller-runtime"
  packages = ["pkg/cache","pkg/cache/internal","pkg/client","pkg/client/apiutil","pkg/client/config","pkg/controller","pkg/controller/controllerutil","pkg/event","pkg/handler","pkg/internal/controller","pkg/internal/recorder","pkg/manager","pkg/predicate","pkg/reconcile","pkg/recorder","pkg/runtime/inject","pkg/runtime/log","pkg/runtime/scheme","pkg/runtime/signals","pkg/source","pkg/source/internal"]
  revision = "67e28744a963c78a34108c3b52aadbc5e02f4384"
  version = "v0.1.1"

[[projects]]
  name = "sigs.k8s.io/controller-tools"
  packages = ["cmd/controller-gen","pkg/crd/generator","pkg/crd/util","pkg/generate/rbac","pkg/internal/codegen","pkg/internal/codegen/parse","pkg/util"]
  revision = "62b5a17481a76b7a1feea0b16188d52a6f61ec64"
  version = "v0.1.3"

[[projects]]
  branch = "master"
  name = "sigs.k8s.io/testing_frameworks"
  packages = ["integration","integration/internal"]
  revision = "5818a3a284a11812aaed11d5ca0bcadec2c50e83"

[solve-meta]
  analyzer-name = "dep"
  analyzer-version = 1
  inputs-digest = "35ddf6f2a23b0808361e18edca2c80650a97958ec17725d90e868b4e3b5c9613"
  solver-name = "gps-cdcl"
  solver-version = 1
