# This file is autogenerated, do not edit; changes may be undone by the next 'dep ensure'.


[[projects]]
  digest = "1:4d6f036ea3fe636bcb2e89850bcdc62a771354e157cd51b8b22a2de8562bf663"
  name = "cloud.google.com/go"
  packages = ["compute/metadata"]
  pruneopts = "NUT"
  revision = "c9474f2f8deb81759839474b6bd1726bbfe1c1c4"
  version = "v0.36.0"

[[projects]]
  digest = "1:fde5c35d2c56ebc6afb7cf5dc8ff05f3f989444a2a44e6748436c8042c6573ec"
  name = "github.com/Azure/azure-sdk-for-go"
  packages = [
    "services/containerregistry/mgmt/2017-10-01/containerregistry",
    "version",
  ]
  pruneopts = "NUT"
  revision = "7577651eb4127da06c3cb42126e22d70ad974b12"
  version = "v33.2.0"

[[projects]]
  digest = "0:"
  name = "github.com/Azure/go-autorest"
  packages = [
    "autorest",
    "autorest/adal",
    "autorest/azure",
    "autorest/date",
    "autorest/to",
    "autorest/validation",
    "logger",
    "tracing",
  ]
  pruneopts = "NUT"
  revision = ""
  version = "v13.3.0"

[[projects]]
  digest = "1:d8ebbd207f3d3266d4423ce4860c9f3794956306ded6c7ba312ecc69cdfbf04c"
  name = "github.com/PuerkitoBio/purell"
  packages = ["."]
  pruneopts = "NUT"
  revision = "0bcb03f4b4d0a9428594752bd2a3b9aa0a9d4bd4"
  version = "v1.1.0"

[[projects]]
  branch = "master"
  digest = "1:8098cd40cd09879efbf12e33bcd51ead4a66006ac802cd563a66c4f3373b9727"
  name = "github.com/PuerkitoBio/urlesc"
  packages = ["."]
  pruneopts = "NUT"
  revision = "de5bf2ad457846296e2031421a34e2568e304e35"

[[projects]]
  branch = "master"
  digest = "1:c9335bca964be4fd1d245e44d798f106f191a4d7dfd0217228a8fd58f0e93606"
  name = "github.com/awalterschulze/gographviz"
  packages = [
    ".",
    "ast",
    "internal/errors",
    "internal/lexer",
    "internal/parser",
    "internal/token",
  ]
  pruneopts = "NUT"
  revision = "fa59802746ab47bad3c8876d678d41299cdd1aaa"

[[projects]]
  digest = "1:a5872e1dcfa13596f4bff31a17c8a7bfdd4c9ff4c2cec2f97af1ed50c17985f0"
  name = "github.com/aws/aws-sdk-go"
  packages = [
    "aws",
    "aws/awserr",
    "aws/awsutil",
    "aws/client",
    "aws/client/metadata",
    "aws/corehandlers",
    "aws/credentials",
    "aws/credentials/ec2rolecreds",
    "aws/credentials/endpointcreds",
    "aws/credentials/processcreds",
    "aws/credentials/stscreds",
    "aws/csm",
    "aws/defaults",
    "aws/ec2metadata",
    "aws/endpoints",
    "aws/request",
    "aws/session",
    "aws/signer/v4",
    "internal/ini",
    "internal/sdkio",
    "internal/sdkmath",
    "internal/sdkrand",
    "internal/sdkuri",
    "internal/shareddefaults",
    "private/protocol",
    "private/protocol/json/jsonutil",
    "private/protocol/jsonrpc",
    "private/protocol/query",
    "private/protocol/query/queryutil",
    "private/protocol/rest",
    "private/protocol/xml/xmlutil",
    "service/ecr",
    "service/sts",
    "service/sts/stsiface",
  ]
  pruneopts = "NUT"
  revision = "0cdb9f5617b12782c925df2fc10c00765ae0f4a4"
  version = "v1.25.26"

[[projects]]
  digest = "1:707ebe952a8b3d00b343c01536c79c73771d100f63ec6babeaed5c79e2b8a8dd"
  name = "github.com/beorn7/perks"
  packages = ["quantile"]
  pruneopts = "NUT"
  revision = "37c8de3658fcb183f997c4e13e8337516ab753e6"
  version = "v1.0.1"

[[projects]]
  digest = "1:2f5400f2d51b82c2033d09bd3cbaf6bd2f98c6b089127d56c9f7ea5abd3195cc"
  name = "github.com/c-bata/goptuna"
  packages = [
    ".",
    "cmaes",
    "internal/random",
    "tpe",
  ]
  pruneopts = "NUT"
  revision = "dbfe7f33cdba8470ac2d9a742c49a2e37fd3d01c"
  version = "v0.5.1"

[[projects]]
  digest = "1:ffe9824d294da03b391f44e1ae8281281b4afc1bdaa9588c9097785e3af10cec"
  name = "github.com/davecgh/go-spew"
  packages = ["spew"]
  pruneopts = "NUT"
  revision = "8991bc29aa16c548c550c7ff78260e27b9ab7c73"
  version = "v1.1.1"

[[projects]]
  digest = "1:7a6852b35eb5bbc184561443762d225116ae630c26a7c4d90546619f1e7d2ad2"
  name = "github.com/dgrijalva/jwt-go"
  packages = ["."]
  pruneopts = "NUT"
  revision = "06ea1031745cb8b3dab3f6a236daf2b0aa468b7e"
  version = "v3.2.0"

[[projects]]
  digest = "1:aab9e95808c688b75757e520e59c48eb954991693dfc5441f0e87d1f9cb8b7bb"
  name = "github.com/emicklei/go-restful"
  packages = [
    ".",
    "log",
  ]
  pruneopts = "NUT"
  revision = "85d198d05a92d31823b852b4a5928114912e8949"
  version = "v2.9.0"

[[projects]]
  digest = "1:1b91ae0dc69a41d4c2ed23ea5cffb721ea63f5037ca4b81e6d6771fbb8f45129"
  name = "github.com/fsnotify/fsnotify"
  packages = ["."]
  pruneopts = "NUT"
  revision = "c2828203cd70a50dcccfb2761f8b1f8ceef9a8e9"
  version = "v1.4.7"

[[projects]]
  digest = "1:81466b4218bf6adddac2572a30ac733a9255919bc2f470b4827a317bd4ee1756"
  name = "github.com/ghodss/yaml"
  packages = ["."]
  pruneopts = "NUT"
  revision = "0ca9ea5df5451ffdf184b4428c902747c2c11cd7"
  version = "v1.0.0"

[[projects]]
  branch = "master"
  digest = "1:53becd66889185091b58ea3fc49294996f2179fb05a89702f4de7d15e581b509"
  name = "github.com/go-logr/logr"
  packages = ["."]
  pruneopts = "NUT"
  revision = "9fb12b3b21c5415d16ac18dc5cd42c1cfdd40c4e"

[[projects]]
  digest = "1:340497a512995aa69c0add901d79a2096b3449d35a44a6f1f1115091a9f8c687"
  name = "github.com/go-logr/zapr"
  packages = ["."]
  pruneopts = "NUT"
  revision = "7536572e8d55209135cd5e7ccf7fce43dca217ab"
  version = "v0.1.0"

[[projects]]
  digest = "1:260f7ebefc63024c8dfe2c9f1a2935a89fa4213637a1f522f592f80c001cc441"
  name = "github.com/go-openapi/jsonpointer"
  packages = ["."]
  pruneopts = "NUT"
  revision = "ef5f0afec364d3b9396b7b77b43dbe26bf1f8004"
  version = "v0.18.0"

[[projects]]
  digest = "1:98abd61947ff5c7c6fcfec5473d02a4821ed3a2dd99a4fbfdb7925b0dd745546"
  name = "github.com/go-openapi/jsonreference"
  packages = ["."]
  pruneopts = "NUT"
  revision = "8483a886a90412cd6858df4ea3483dce9c8e35a3"
  version = "v0.18.0"

[[projects]]
  digest = "1:4da4ea0a664ba528965683d350f602d0f11464e6bb2e17aad0914723bc25d163"
  name = "github.com/go-openapi/spec"
  packages = ["."]
  pruneopts = "NUT"
  revision = "5b6cdde3200976e3ecceb2868706ee39b6aff3e4"
  version = "v0.18.0"

[[projects]]
  digest = "1:dc0f590770e5a6c70ea086232324f7b7dc4857c60eca63ab8ff78e0a5cfcdbf3"
  name = "github.com/go-openapi/swag"
  packages = ["."]
  pruneopts = "NUT"
  revision = "1d29f06aebd59ccdf11ae04aa0334ded96e2d909"
  version = "v0.18.0"

[[projects]]
  digest = "1:13e9a236e56e18fecb73f5b2f2eb7f60060a1a9bc27e5a7328ab22e275ecb63e"
  name = "github.com/go-sql-driver/mysql"
  packages = ["."]
  pruneopts = "NUT"
  revision = "72cd26f257d44c1114970e19afddcd812016007e"
  version = "v1.4.1"

[[projects]]
  digest = "1:9059915429f7f3a5f18cfa6b7cab9a28721d7ac6db4079a62044aa229eb7f2a8"
  name = "github.com/gobuffalo/envy"
  packages = ["."]
  pruneopts = "NUT"
  revision = "fa0dfdc10b5366ce365b7d9d1755a03e4e797bc5"
  version = "v1.6.15"

[[projects]]
  digest = "1:abea725bcf0210887f5da19d804fffa1dd45a42a56bdf5f02322345e3fee4f0d"
  name = "github.com/gogo/protobuf"
  packages = [
    "proto",
    "sortkeys",
  ]
  pruneopts = "NUT"
  revision = "4cbf7e384e768b4e01799441fdf2a706a5635ae7"
  version = "v1.2.0"

[[projects]]
  branch = "master"
  digest = "1:e2b86e41f3d669fc36b50d31d32d22c8ac656c75aa5ea89717ce7177e134ff2a"
  name = "github.com/golang/glog"
  packages = ["."]
  pruneopts = "NUT"
  revision = "23def4e6c14b4da8ac2ed8007337bc5eb5007998"

[[projects]]
  branch = "master"
  digest = "1:b7cb6054d3dff43b38ad2e92492f220f57ae6087ee797dca298139776749ace8"
  name = "github.com/golang/groupcache"
  packages = ["lru"]
  pruneopts = "NUT"
  revision = "5b532d6fd5efaf7fa130d4e859a2fde0fc3a9e1b"

[[projects]]
  digest = "1:b60efdeb75d3c0ceed88783ac2495256aba3491a537d0f31401202579fd62a94"
  name = "github.com/golang/mock"
  packages = ["gomock"]
  pruneopts = "NUT"
  revision = "51421b967af1f557f93a59e0057aaf15ca02e29c"
  version = "v1.2.0"

[[projects]]
  digest = "1:758ff25951b6495bb58777f11244ca25c1a639be08d04e54b123ac9e170f6176"
  name = "github.com/golang/protobuf"
  packages = [
    "jsonpb",
    "proto",
    "protoc-gen-go",
    "protoc-gen-go/descriptor",
    "protoc-gen-go/generator",
    "protoc-gen-go/generator/internal/remap",
    "protoc-gen-go/grpc",
    "protoc-gen-go/plugin",
    "ptypes",
    "ptypes/any",
    "ptypes/duration",
    "ptypes/struct",
    "ptypes/timestamp",
  ]
  pruneopts = "NUT"
  revision = "aa810b61a9c79d51363740d207bb46cf8e620ed5"
  version = "v1.2.0"

[[projects]]
  branch = "master"
  digest = "1:05f95ffdfcf651bdb0f05b40b69e7f5663047f8da75c72d58728acb59b5cc107"
  name = "github.com/google/btree"
  packages = ["."]
  pruneopts = "NUT"
  revision = "4030bb1f1f0c35b30ca7009e9ebd06849dd45306"

[[projects]]
  digest = "1:b70151e9d07b7606ff7f2250e58b6d24e33519e0c27a5aa2d8a912af91021810"
  name = "github.com/google/go-containerregistry"
  packages = [
    "pkg/authn",
    "pkg/authn/k8schain",
    "pkg/name",
    "pkg/v1",
    "pkg/v1/partial",
    "pkg/v1/remote",
    "pkg/v1/remote/transport",
    "pkg/v1/stream",
    "pkg/v1/types",
    "pkg/v1/v1util",
  ]
  pruneopts = "NUT"
  revision = "8d4083db9aa0d2fae6588c1acdbe6a1f5db461e3"

[[projects]]
  branch = "master"
  digest = "1:52c5834e2bebac9030c97cc0798ac11c3aa8a39f098aeb419f142533da6cd3cc"
  name = "github.com/google/gofuzz"
  packages = ["."]
  pruneopts = "NUT"
  revision = "24818f796faf91cd76ec7bddd72458fbced7a6c1"

[[projects]]
  digest = "1:56a1f3949ebb7fa22fa6b4e4ac0fe0f77cc4faee5b57413e6fa9199a8458faf1"
  name = "github.com/google/uuid"
  packages = ["."]
  pruneopts = "NUT"
  revision = "9b3b1e0f5f99ae461456d768e7d301a7acdaa2d8"
  version = "v1.1.0"

[[projects]]
  digest = "1:06a7dadb7b760767341ffb6c8d377238d68a1226f2b21b5d497d2e3f6ecf6b4e"
  name = "github.com/googleapis/gnostic"
  packages = [
    "OpenAPIv2",
    "compiler",
    "extensions",
  ]
  pruneopts = "NUT"
  revision = "7c663266750e7d82587642f65e60bc4083f1f84e"
  version = "v0.2.0"

[[projects]]
  branch = "master"
  digest = "1:a86d65bc23eea505cd9139178e4d889733928fe165c7a008f41eaab039edf9df"
  name = "github.com/gregjones/httpcache"
  packages = [
    ".",
    "diskcache",
  ]
  pruneopts = "NUT"
  revision = "3befbb6ad0cc97d4c25d851e9528915809e1a22f"

[[projects]]
  digest = "1:565241cb2792bb47f174ca83a7b889a2c085d56837e8e60bfeffe00e1419f76f"
  name = "github.com/grpc-ecosystem/go-grpc-middleware"
  packages = [
    "retry",
    "util/backoffutils",
    "util/metautils",
  ]
  pruneopts = "NUT"
  revision = "3c51f7f332123e8be5a157c0802a228ac85bf9db"
  version = "v1.2.0"

[[projects]]
  digest = "1:7ad601623f5af048e72d0c712e2ce6647dbbd14d9e18c31e3464156de8c567ee"
  name = "github.com/grpc-ecosystem/grpc-gateway"
  packages = [
    "codegenerator",
    "protoc-gen-grpc-gateway",
    "protoc-gen-grpc-gateway/descriptor",
    "protoc-gen-grpc-gateway/generator",
    "protoc-gen-grpc-gateway/gengateway",
    "protoc-gen-grpc-gateway/httprule",
    "protoc-gen-swagger",
    "protoc-gen-swagger/genswagger",
    "protoc-gen-swagger/options",
    "runtime",
    "runtime/internal",
    "utilities",
  ]
  pruneopts = "NUT"
  revision = "92583770e3f01b09a0d3e9bdf64321d8bebd48f2"
  version = "v1.4.1"

[[projects]]
  digest = "1:b42cde0e1f3c816dd57f57f7bbcf05ca40263ad96f168714c130c611fc0856a6"
  name = "github.com/hashicorp/golang-lru"
  packages = [
    ".",
    "simplelru",
  ]
  pruneopts = "NUT"
  revision = "20f1fb78b0740ba8c3cb143a61e86ba5c8669768"
  version = "v0.5.0"

[[projects]]
  digest = "1:11c6c696067d3127ecf332b10f89394d386d9083f82baf71f40f2da31841a009"
  name = "github.com/hashicorp/hcl"
  packages = [
    ".",
    "hcl/ast",
    "hcl/parser",
    "hcl/printer",
    "hcl/scanner",
    "hcl/strconv",
    "hcl/token",
    "json/parser",
    "json/scanner",
    "json/token",
  ]
  pruneopts = "NUT"
  revision = "8cb6e5b959231cc1119e43259c4a608f9c51a241"
  version = "v1.0.0"

[[projects]]
  digest = "1:41933d387bfa3eaa6a82647914ed7044f7b8355764c24fb920892bc8c03ef0c3"
  name = "github.com/hpcloud/tail"
  packages = [
    ".",
    "ratelimiter",
    "util",
    "watch",
    "winfile",
  ]
  pruneopts = "NUT"
  revision = "a30252cb686a21eb2d0b98132633053ec2f7f1e5"
  version = "v1.0.0"

[[projects]]
  digest = "1:aaa38889f11896ee3644d77e17dc7764cc47f5f3d3b488268df2af2b52541c5f"
  name = "github.com/imdario/mergo"
  packages = ["."]
  pruneopts = "NUT"
  revision = "7c29201646fa3de8506f701213473dd407f19646"
  version = "v0.3.7"

[[projects]]
  digest = "1:406338ad39ab2e37b7f4452906442a3dbf0eb3379dd1f06aafb5c07e769a5fbb"
  name = "github.com/inconshreveable/mousetrap"
  packages = ["."]
  pruneopts = "NUT"
  revision = "76626ae9c91c4f2a10f34cad8ce83ea42c93bb75"
  version = "v1.0"

[[projects]]
  digest = "1:1f2aebae7e7c856562355ec0198d8ca2fa222fb05e5b1b66632a1fce39631885"
  name = "github.com/jmespath/go-jmespath"
  packages = ["."]
  pruneopts = "NUT"
  revision = "c2b33e84"

[[projects]]
  digest = "1:da62aa6632d04e080b8a8b85a59ed9ed1550842a0099a55f3ae3a20d02a3745a"
  name = "github.com/joho/godotenv"
  packages = ["."]
  pruneopts = "NUT"
  revision = "23d116af351c84513e1946b527c88823e476be13"
  version = "v1.3.0"

[[projects]]
  digest = "1:8e36686e8b139f8fe240c1d5cf3a145bc675c22ff8e707857cdd3ae17b00d728"
  name = "github.com/json-iterator/go"
  packages = ["."]
  pruneopts = "NUT"
  revision = "1624edc4454b8682399def8740d46db5e4362ba4"
  version = "v1.1.5"

[[projects]]
  branch = "v0.7-branch"
  digest = "1:e459993344496baaf26205bfaeafd01846c7fd6ce9bd6107e868b4a32a203f02"
  name = "github.com/kubeflow/pytorch-operator"
  packages = ["pkg/apis/pytorch/v1"]
  pruneopts = "NUT"
  revision = "6097519829bea048dad541b8b506366263ecd1e8"

[[projects]]
  branch = "v0.7-branch"
  digest = "1:16b5232717d453aa1434abf114313d3298ee794355c272aa683cb11cd6102885"
  name = "github.com/kubeflow/tf-operator"
  packages = [
    "pkg/apis/common/v1",
    "pkg/apis/tensorflow/v1",
  ]
  pruneopts = "NUT"
  revision = "5adee6f30c86484897db33188af591d5976d1cd2"

[[projects]]
  digest = "1:802689c84994b7f2e41ffe7e39d29a8d8227f2121938dc025db44dfaa9633b15"
  name = "github.com/magiconair/properties"
  packages = ["."]
  pruneopts = "NUT"
  revision = "de8848e004dd33dc07a2947b3d76f618a7fc7ef1"
  version = "v1.8.1"

[[projects]]
  branch = "master"
  digest = "1:84a5a2b67486d5d67060ac393aa255d05d24ed5ee41daecd5635ec22657b6492"
  name = "github.com/mailru/easyjson"
  packages = [
    "buffer",
    "jlexer",
    "jwriter",
  ]
  pruneopts = "NUT"
  revision = "60711f1a8329503b04e1c88535f419d0bb440bff"

[[projects]]
  digest = "1:56dbf15e091bf7926cb33a57cb6bdfc658fc6d3498d2f76f10a97ce7856f1fde"
  name = "github.com/markbates/inflect"
  packages = ["."]
  pruneopts = "NUT"
  revision = "24b83195037b3bc61fcda2d28b7b0518bce293b6"
  version = "v1.0.4"

[[projects]]
  branch = "master"
  digest = "1:0e9bfc47ab9941ecc3344e580baca5deb4091177e84dd9773b48b38ec26b93d5"
  name = "github.com/mattbaird/jsonpatch"
  packages = ["."]
  pruneopts = "NUT"
  revision = "81af80346b1a01caae0cbc27fd3c1ba5b11e189f"

[[projects]]
  digest = "1:5985ef4caf91ece5d54817c11ea25f182697534f8ae6521eadcd628c142ac4b6"
  name = "github.com/matttproud/golang_protobuf_extensions"
  packages = ["pbutil"]
  pruneopts = "NUT"
  revision = "c12348ce28de40eed0136aa2b644d0ee0650e56c"
  version = "v1.0.1"

[[projects]]
  branch = "master"
  digest = "1:ccbfcadc4082059be76365bbcfdcf8430356ea5dd94537b0e68e8423f200f0cf"
  name = "github.com/mitchellh/go-ps"
  packages = ["."]
  pruneopts = "NUT"
  revision = "621e5597135b1d14a7d9c2bfc7bc312e7c58463c"

[[projects]]
  digest = "1:a45ae66dea4c899d79fceb116accfa1892105c251f0dcd9a217ddc276b42ec68"
  name = "github.com/mitchellh/mapstructure"
  packages = ["."]
  pruneopts = "NUT"
  revision = "3536a929edddb9a5b34bd6861dc4a9647cb459fe"
  version = "v1.1.2"

[[projects]]
  digest = "1:2f42fa12d6911c7b7659738758631bec870b7e9b4c6be5444f963cdcfccc191f"
  name = "github.com/modern-go/concurrent"
  packages = ["."]
  pruneopts = "NUT"
  revision = "bacd9c7ef1dd9b15be4a9909b8ac7a4e313eec94"
  version = "1.0.3"

[[projects]]
  digest = "1:c6aca19413b13dc59c220ad7430329e2ec454cc310bc6d8de2c7e2b93c18a0f6"
  name = "github.com/modern-go/reflect2"
  packages = ["."]
  pruneopts = "NUT"
  revision = "4b7aa43c6742a2c18fdef89dd197aaae7dac7ccd"
  version = "1.0.1"

[[projects]]
  digest = "1:cdc5cfc04dd0b98f86433207fe6d9879757c46734441a08886acc11251c7ed4a"
  name = "github.com/onsi/ginkgo"
  packages = [
    ".",
    "config",
    "internal/codelocation",
    "internal/containernode",
    "internal/failer",
    "internal/leafnodes",
    "internal/remote",
    "internal/spec",
    "internal/spec_iterator",
    "internal/specrunner",
    "internal/suite",
    "internal/testingtproxy",
    "internal/writer",
    "reporters",
    "reporters/stenographer",
    "reporters/stenographer/support/go-colorable",
    "reporters/stenographer/support/go-isatty",
    "types",
  ]
  pruneopts = "NUT"
  revision = "2e1be8f7d90e9d3e3e58b0ce470f2f14d075406f"
  version = "v1.7.0"

[[projects]]
  digest = "1:c9385d498108298283c3f3685667d8c87bf86a94d129fd49f8fd4485f1903e14"
  name = "github.com/onsi/gomega"
  packages = [
    ".",
    "format",
    "gbytes",
    "gexec",
    "internal/assertion",
    "internal/asyncassertion",
    "internal/oraclematcher",
    "internal/testingtsupport",
    "matchers",
    "matchers/support/goraph/bipartitegraph",
    "matchers/support/goraph/edge",
    "matchers/support/goraph/node",
    "matchers/support/goraph/util",
    "types",
  ]
  pruneopts = "NUT"
  revision = "65fb64232476ad9046e57c26cd0bff3d3a8dc6cd"
  version = "v1.4.3"

[[projects]]
  digest = "1:93b1d84c5fa6d1ea52f4114c37714cddd84d5b78f151b62bb101128dd51399bf"
  name = "github.com/pborman/uuid"
  packages = ["."]
  pruneopts = "NUT"
  revision = "adf5a7427709b9deb95d29d3fa8a2bf9cfd388f1"
  version = "v1.2"

[[projects]]
  digest = "1:4e9827f31d4fc1ddd732a0e3af4e863d281dd405adb2bfb96a25cc5346a77caf"
  name = "github.com/pelletier/go-toml"
  packages = ["."]
  pruneopts = "NUT"
  revision = "728039f679cbcd4f6a54e080d2219a4c4928c546"
  version = "v1.4.0"

[[projects]]
  branch = "master"
  digest = "1:3bf17a6e6eaa6ad24152148a631d18662f7212e21637c2699bff3369b7f00fa2"
  name = "github.com/petar/GoLLRB"
  packages = ["llrb"]
  pruneopts = "NUT"
  revision = "53be0d36a84c2a886ca057d34b6aa4468df9ccb4"

[[projects]]
  digest = "1:6c6d91dc326ed6778783cff869c49fb2f61303cdd2ebbcf90abe53505793f3b6"
  name = "github.com/peterbourgon/diskv"
  packages = ["."]
  pruneopts = "NUT"
  revision = "5f041e8faa004a95c88a202771f4cc3e991971e6"
  version = "v2.0.1"

[[projects]]
  digest = "1:14715f705ff5dfe0ffd6571d7d201dd8e921030f8070321a79380d8ca4ec1a24"
  name = "github.com/pkg/errors"
  packages = ["."]
  pruneopts = "NUT"
  revision = "ba968bfe8b2f7e042a574c888954fccecfa385b4"
  version = "v0.8.1"

[[projects]]
  digest = "1:3d7ad9c93ee2e43dc7dd48b76f96804c365be7fe30e75f7405028c4e633d189a"
  name = "github.com/prometheus/client_golang"
  packages = [
    "prometheus",
    "prometheus/internal",
    "prometheus/promhttp",
  ]
  pruneopts = "NUT"
  revision = "2641b987480bca71fb39738eb8c8b0d577cb1d76"
  version = "v0.9.4"

[[projects]]
  branch = "master"
  digest = "1:2d5cd61daa5565187e1d96bae64dbbc6080dacf741448e9629c64fd93203b0d4"
  name = "github.com/prometheus/client_model"
  packages = ["go"]
  pruneopts = "NUT"
  revision = "14fe0d1b01d4d5fc031dd4bec1823bd3ebbe8016"

[[projects]]
  digest = "1:d03ca24670416dc8fccc78b05d6736ec655416ca7db0a028e8fb92cfdfe3b55e"
  name = "github.com/prometheus/common"
  packages = [
    "expfmt",
    "internal/bitbucket.org/ww/goautoneg",
    "model",
  ]
  pruneopts = "NUT"
  revision = "31bed53e4047fd6c510e43a941f90cb31be0972a"
  version = "v0.6.0"

[[projects]]
  digest = "1:19305fc369377c111c865a7a01e11c675c57c52a932353bbd4ea360bd5b72d99"
  name = "github.com/prometheus/procfs"
  packages = [
    ".",
    "internal/fs",
  ]
  pruneopts = "NUT"
  revision = "3f98efb27840a48a7a2898ec80be07674d19f9c8"
  version = "v0.0.3"

[[projects]]
  digest = "1:e09ada96a5a41deda4748b1659cc8953961799e798aea557257b56baee4ecaf3"
  name = "github.com/rogpeppe/go-internal"
  packages = [
    "modfile",
    "module",
    "semver",
  ]
  pruneopts = "NUT"
  revision = "2ea7272aa4c7de5c8a568dff504404e8dc49945d"
  version = "v1.2.1"

[[projects]]
  digest = "1:90cf76d709ce9b057e7d75bd245bf7c1242d21ba4f908fb22c7a2a96d1dcc0ca"
  name = "github.com/spf13/afero"
  packages = [
    ".",
    "mem",
  ]
  pruneopts = "NUT"
  revision = "f4711e4db9e9a1d3887343acb72b2bbfc2f686f5"
  version = "v1.2.1"

[[projects]]
  digest = "1:c5e6b121ef3d2043505edaf4c80e5a008cec2513dc8804795eb0479d1555bcf7"
  name = "github.com/spf13/cast"
  packages = ["."]
  pruneopts = "NUT"
  revision = "8c9545af88b134710ab1cd196795e7f2388358d7"
  version = "v1.3.0"

[[projects]]
  digest = "1:343d44e06621142ab09ae0c76c1799104cdfddd3ffb445d78b1adf8dc3ffaf3d"
  name = "github.com/spf13/cobra"
  packages = ["."]
  pruneopts = "NUT"
  revision = "ef82de70bb3f60c65fb8eebacbb2d122ef517385"
  version = "v0.0.3"

[[projects]]
  digest = "1:3d72352adb74e79d6d5a43d6f51bfd2d0bd0c9b5f3c00cf5a4b1636d8d3b9d92"
  name = "github.com/spf13/jwalterweatherman"
  packages = ["."]
  pruneopts = "NUT"
  revision = "94f6ae3ed3bceceafa716478c5fbf8d29ca601a1"
  version = "v1.1.0"

[[projects]]
  digest = "1:9d8420bbf131d1618bde6530af37c3799340d3762cc47210c1d9532a4c3a2779"
  name = "github.com/spf13/pflag"
  packages = ["."]
  pruneopts = "NUT"
  revision = "298182f68c66c05229eb03ac171abe6e309ee79a"
  version = "v1.0.3"

[[projects]]
  digest = "1:60c6a70caa4381d3bb6c0211b634e1d5288b01dff882501353bf328fde40b375"
  name = "github.com/spf13/viper"
  packages = ["."]
  pruneopts = "NUT"
  revision = "9e56dacc08fbbf8c9ee2dbc717553c758ce42bc9"
  version = "v1.3.2"

[[projects]]
  digest = "1:22f696cee54865fb8e9ff91df7b633f6b8f22037a8015253c6b6a71ca82219c7"
  name = "go.uber.org/atomic"
  packages = ["."]
  pruneopts = "NUT"
  revision = "1ea20fb1cbb1cc08cbd0d913a96dead89aa18289"
  version = "v1.3.2"

[[projects]]
  digest = "1:58ca93bdf81bac106ded02226b5395a0595d5346cdc4caa8d9c1f3a5f8f9976e"
  name = "go.uber.org/multierr"
  packages = ["."]
  pruneopts = "NUT"
  revision = "3c4937480c32f4c13a875a1829af76c98ca3d40a"
  version = "v1.1.0"

[[projects]]
  digest = "1:85674ac609b704fd4e9f463553b6ffc3a3527a993ae0ba550eb56beaabdfe094"
  name = "go.uber.org/zap"
  packages = [
    ".",
    "buffer",
    "internal/bufferpool",
    "internal/color",
    "internal/exit",
    "zapcore",
  ]
  pruneopts = "NUT"
  revision = "ff33455a0e382e8a81d14dd7c922020b6b5e7982"
  version = "v1.9.1"

[[projects]]
  branch = "master"
  digest = "1:648a501f4f1615ecc732e76aa5fb1c2075a8e37ab3f816516e5b5a9672f39de8"
  name = "golang.org/x/crypto"
  packages = [
    "pkcs12",
    "pkcs12/internal/rc2",
    "ssh/terminal",
  ]
  pruneopts = "NUT"
  revision = "74369b46fc6756741c016591724fd1cb8e26845f"

[[projects]]
  digest = "1:3361edbb584a9a7d745f93ccec5051b1d934977c43f6a5eea05f576517ed9f85"
  name = "golang.org/x/net"
  packages = [
    "context",
    "context/ctxhttp",
    "html",
    "html/atom",
    "html/charset",
    "http/httpguts",
    "http2",
    "http2/hpack",
    "idna",
    "internal/timeseries",
    "lex/httplex",
    "trace",
  ]
  pruneopts = "NUT"
  revision = "640f4622ab692b87c2f3a94265e6f579fe38263d"

[[projects]]
  branch = "master"
  digest = "1:bd491f26d4173e17c25e65f5b501f9972b6d91462c51a308419236f8ae84bdd1"
  name = "golang.org/x/oauth2"
  packages = [
    ".",
    "google",
    "internal",
    "jws",
    "jwt",
  ]
  pruneopts = "NUT"
  revision = "3e8b2be1363542a95c52ea0796d4a40dacfb5b95"

[[projects]]
  branch = "master"
  digest = "1:b521f10a2d8fa85c04a8ef4e62f2d1e14d303599a55d64dabf9f5a02f84d35eb"
  name = "golang.org/x/sync"
  packages = ["errgroup"]
  pruneopts = "NUT"
  revision = "cd5d95a43a6e21273425c7ae415d3df9ea832eeb"

[[projects]]
  branch = "master"
  digest = "1:cfe2c7e303e82ed7baf651eaf60b824aaefdb0cce2ed70801447065fa6ac18cb"
  name = "golang.org/x/sys"
  packages = [
    "unix",
    "windows",
  ]
  pruneopts = "NUT"
  revision = "983097b1a8a340cd1cc7df17d735154d89e10b1a"

[[projects]]
  digest = "1:2c4e3b27329379d7b5f889038b48086140ea60708fb92e4b19d6a775926ea30b"
  name = "golang.org/x/text"
  packages = [
    "collate",
    "collate/build",
    "encoding",
    "encoding/charmap",
    "encoding/htmlindex",
    "encoding/internal",
    "encoding/internal/identifier",
    "encoding/japanese",
    "encoding/korean",
    "encoding/simplifiedchinese",
    "encoding/traditionalchinese",
    "encoding/unicode",
    "internal/colltab",
    "internal/gen",
    "internal/tag",
    "internal/triegen",
    "internal/ucd",
    "internal/utf8internal",
    "language",
    "runes",
    "secure/bidirule",
    "transform",
    "unicode/bidi",
    "unicode/cldr",
    "unicode/norm",
    "unicode/rangetable",
    "width",
  ]
  pruneopts = "NUT"
  revision = "f21a4dfb5e38f5895301dc265a8def02365cc3d0"
  version = "v0.3.0"

[[projects]]
  branch = "master"
  digest = "1:9fdc2b55e8e0fafe4b41884091e51e77344f7dc511c5acedcfd98200003bff90"
  name = "golang.org/x/time"
  packages = ["rate"]
  pruneopts = "NUT"
  revision = "85acf8d2951cb2a3bde7632f9ff273ef0379bcbd"

[[projects]]
  branch = "master"
  digest = "1:f57e88c4326d5433c2f4eb28fcd1662be003cb0d11dd13710c8828e687303c76"
  name = "golang.org/x/tools"
  packages = [
    "go/ast/astutil",
    "go/gcexportdata",
    "go/internal/cgo",
    "go/internal/gcimporter",
    "go/internal/packagesdriver",
    "go/packages",
    "go/types/typeutil",
    "imports",
    "internal/fastwalk",
    "internal/gopathwalk",
    "internal/module",
    "internal/semver",
  ]
  pruneopts = "NUT"
  revision = "508f945e1a9bd8b5e3a9444bb2cdd13d0896132e"

[[projects]]
  digest = "1:c14aa22dfbfc27f2245c8e5abe765d18da303141dcbe170f65d451fd11f47eda"
  name = "gonum.org/v1/gonum"
  packages = [
    "blas",
    "blas/blas64",
    "blas/cblas128",
    "blas/gonum",
    "floats",
    "internal/asm/c128",
    "internal/asm/c64",
    "internal/asm/f32",
    "internal/asm/f64",
    "internal/cmplx64",
    "internal/math32",
    "lapack",
    "lapack/gonum",
    "lapack/lapack64",
    "mat",
  ]
  pruneopts = "NUT"
  revision = "960a37950cca5ec8d1efe76ed4eec9dfe3065bd6"
  version = "v0.7.0"

[[projects]]
  digest = "1:55c735e000d1eef22b3c2f3226447489bafa33f0159dfece150279d2f9e25f7c"
  name = "google.golang.org/appengine"
  packages = [
    ".",
    "cloudsql",
    "internal",
    "internal/app_identity",
    "internal/base",
    "internal/datastore",
    "internal/log",
    "internal/modules",
    "internal/remote_api",
    "internal/urlfetch",
    "urlfetch",
  ]
  pruneopts = "NUT"
  revision = "e9657d882bb81064595ca3b56cbe2546bbabf7b1"
  version = "v1.4.0"

[[projects]]
  branch = "master"
  digest = "1:6c6b70cf6d2788d9f7dc6589bc88e0e1c7edc40612294431ebb7d09536d12240"
  name = "google.golang.org/genproto"
  packages = [
    "googleapis/api/annotations",
    "googleapis/rpc/status",
  ]
  pruneopts = "NUT"
  revision = "4b09977fb92221987e99d190c8f88f2c92727a29"

[[projects]]
  digest = "1:120df1dbaadf4e87ba0a839b0dbb476f88f047d0ef8a1aa6daf2eb017ef6de96"
  name = "google.golang.org/grpc"
  packages = [
    ".",
    "balancer",
    "balancer/base",
    "balancer/roundrobin",
    "binarylog/grpc_binarylog_v1",
    "codes",
    "connectivity",
    "credentials",
    "credentials/internal",
    "encoding",
    "encoding/proto",
    "grpclog",
    "internal",
    "internal/backoff",
    "internal/binarylog",
    "internal/channelz",
    "internal/envconfig",
    "internal/grpcrand",
    "internal/grpcsync",
    "internal/syscall",
    "internal/transport",
    "keepalive",
    "metadata",
    "naming",
    "peer",
    "reflection",
    "reflection/grpc_reflection_v1alpha",
    "resolver",
    "resolver/dns",
    "resolver/passthrough",
    "stats",
    "status",
    "tap",
  ]
  pruneopts = "NUT"
  revision = "a02b0774206b209466313a0b525d2c738fe407eb"
  version = "v1.18.0"

[[projects]]
  digest = "1:df28176ae6eed6b64b667963455f4b60c17ecb2594e6ffa72f149b911ea15fa4"
  name = "gopkg.in/DATA-DOG/go-sqlmock.v1"
  packages = ["."]
  pruneopts = "NUT"
  revision = "472e287dbafe67e526a3797165b64cb14f34705a"
  version = "v1.3.2"

[[projects]]
  digest = "1:1b91ae0dc69a41d4c2ed23ea5cffb721ea63f5037ca4b81e6d6771fbb8f45129"
  name = "gopkg.in/fsnotify.v1"
  packages = ["."]
  pruneopts = "NUT"
  revision = "c2828203cd70a50dcccfb2761f8b1f8ceef9a8e9"
  source = "https://github.com/fsnotify/fsnotify.git"
  version = "v1.4.7"

[[projects]]
  digest = "1:2d1fbdc6777e5408cabeb02bf336305e724b925ff4546ded0fa8715a7267922a"
  name = "gopkg.in/inf.v0"
  packages = ["."]
  pruneopts = "NUT"
  revision = "d2d2541c53f18d2a059457998ce2876cc8e67cbf"
  version = "v0.9.1"

[[projects]]
  branch = "v1"
  digest = "1:8fb1ccb16a6cfecbfdfeb84d8ea1cc7afa8f9ef16526bc2326f72d993e32cef1"
  name = "gopkg.in/tomb.v1"
  packages = ["."]
  pruneopts = "NUT"
  revision = "dd632973f1e7218eb1089048e0798ec9ae7dceb8"

[[projects]]
  digest = "1:18108594151654e9e696b27b181b953f9a90b16bf14d253dd1b397b025a1487f"
  name = "gopkg.in/yaml.v2"
  packages = ["."]
  pruneopts = "NUT"
  revision = "51d6538a90f86fe93ac480b35f37b2be17fef232"
  version = "v2.2.2"

[[projects]]
  digest = "1:1d34342a53d8f8c625260d6c4c2e5c99442b1635bbf4208f426bd12aa210b870"
  name = "k8s.io/api"
  packages = [
    "admission/v1beta1",
    "admissionregistration/v1alpha1",
    "admissionregistration/v1beta1",
    "apps/v1",
    "apps/v1beta1",
    "apps/v1beta2",
    "authentication/v1",
    "authentication/v1beta1",
    "authorization/v1",
    "authorization/v1beta1",
    "autoscaling/v1",
    "autoscaling/v2beta1",
    "autoscaling/v2beta2",
    "batch/v1",
    "batch/v1beta1",
    "batch/v2alpha1",
    "certificates/v1beta1",
    "coordination/v1beta1",
    "core/v1",
    "events/v1beta1",
    "extensions/v1beta1",
    "networking/v1",
    "policy/v1beta1",
    "rbac/v1",
    "rbac/v1alpha1",
    "rbac/v1beta1",
    "scheduling/v1alpha1",
    "scheduling/v1beta1",
    "settings/v1alpha1",
    "storage/v1",
    "storage/v1alpha1",
    "storage/v1beta1",
  ]
  pruneopts = "NUT"
  revision = "9ad12a4af32677db3ae70bef3371bf9b618eb3a0"
  version = "kubernetes-1.12.9"

[[projects]]
  digest = "1:51f330b7a61ac0e8b6e082490586ff2b18008eb514a67eccbe5ec78ffd32ee25"
  name = "k8s.io/apiextensions-apiserver"
  packages = [
    "pkg/apis/apiextensions",
    "pkg/apis/apiextensions/v1beta1",
    "pkg/client/clientset/clientset",
    "pkg/client/clientset/clientset/scheme",
    "pkg/client/clientset/clientset/typed/apiextensions/v1beta1",
  ]
  pruneopts = "NUT"
  revision = "fa58353d80f37509c2b8de8e67f2377a2bc2ce80"
  version = "kubernetes-1.12.9"

[[projects]]
  digest = "1:aade642b1052b8b4574ffe0df877c495bfdfa76b8a1930c5492fb7d4b05f720f"
  name = "k8s.io/apimachinery"
  packages = [
    "pkg/api/equality",
    "pkg/api/errors",
    "pkg/api/meta",
    "pkg/api/resource",
    "pkg/apis/meta/internalversion",
    "pkg/apis/meta/v1",
    "pkg/apis/meta/v1/unstructured",
    "pkg/apis/meta/v1beta1",
    "pkg/conversion",
    "pkg/conversion/queryparams",
    "pkg/fields",
    "pkg/labels",
    "pkg/runtime",
    "pkg/runtime/schema",
    "pkg/runtime/serializer",
    "pkg/runtime/serializer/json",
    "pkg/runtime/serializer/protobuf",
    "pkg/runtime/serializer/recognizer",
    "pkg/runtime/serializer/streaming",
    "pkg/runtime/serializer/versioning",
    "pkg/selection",
    "pkg/types",
    "pkg/util/cache",
    "pkg/util/clock",
    "pkg/util/diff",
    "pkg/util/errors",
    "pkg/util/framer",
    "pkg/util/intstr",
    "pkg/util/json",
    "pkg/util/mergepatch",
    "pkg/util/naming",
    "pkg/util/net",
    "pkg/util/rand",
    "pkg/util/runtime",
    "pkg/util/sets",
    "pkg/util/strategicpatch",
    "pkg/util/uuid",
    "pkg/util/validation",
    "pkg/util/validation/field",
    "pkg/util/wait",
    "pkg/util/yaml",
    "pkg/version",
    "pkg/watch",
    "third_party/forked/golang/json",
    "third_party/forked/golang/reflect",
  ]
  pruneopts = "NUT"
  revision = "01f179d85dbce0f2e0e4351a92394b38694b7cae"
  version = "kubernetes-1.12.9"

[[projects]]
  digest = "1:04624b2578bd24097709f6d78bec8e648260fc29330c8a9e5a4b3eee57bf6296"
  name = "k8s.io/client-go"
  packages = [
    "discovery",
    "discovery/fake",
    "dynamic",
    "kubernetes",
    "kubernetes/scheme",
    "kubernetes/typed/admissionregistration/v1alpha1",
    "kubernetes/typed/admissionregistration/v1beta1",
    "kubernetes/typed/apps/v1",
    "kubernetes/typed/apps/v1beta1",
    "kubernetes/typed/apps/v1beta2",
    "kubernetes/typed/authentication/v1",
    "kubernetes/typed/authentication/v1beta1",
    "kubernetes/typed/authorization/v1",
    "kubernetes/typed/authorization/v1beta1",
    "kubernetes/typed/autoscaling/v1",
    "kubernetes/typed/autoscaling/v2beta1",
    "kubernetes/typed/autoscaling/v2beta2",
    "kubernetes/typed/batch/v1",
    "kubernetes/typed/batch/v1beta1",
    "kubernetes/typed/batch/v2alpha1",
    "kubernetes/typed/certificates/v1beta1",
    "kubernetes/typed/coordination/v1beta1",
    "kubernetes/typed/core/v1",
    "kubernetes/typed/events/v1beta1",
    "kubernetes/typed/extensions/v1beta1",
    "kubernetes/typed/networking/v1",
    "kubernetes/typed/policy/v1beta1",
    "kubernetes/typed/rbac/v1",
    "kubernetes/typed/rbac/v1alpha1",
    "kubernetes/typed/rbac/v1beta1",
    "kubernetes/typed/scheduling/v1alpha1",
    "kubernetes/typed/scheduling/v1beta1",
    "kubernetes/typed/settings/v1alpha1",
    "kubernetes/typed/storage/v1",
    "kubernetes/typed/storage/v1alpha1",
    "kubernetes/typed/storage/v1beta1",
    "pkg/apis/clientauthentication",
    "pkg/apis/clientauthentication/v1alpha1",
    "pkg/apis/clientauthentication/v1beta1",
    "pkg/version",
    "plugin/pkg/client/auth/exec",
    "plugin/pkg/client/auth/gcp",
    "rest",
    "rest/watch",
    "restmapper",
    "testing",
    "third_party/forked/golang/template",
    "tools/auth",
    "tools/cache",
    "tools/clientcmd",
    "tools/clientcmd/api",
    "tools/clientcmd/api/latest",
    "tools/clientcmd/api/v1",
    "tools/leaderelection",
    "tools/leaderelection/resourcelock",
    "tools/metrics",
    "tools/pager",
    "tools/record",
    "tools/reference",
    "transport",
    "util/buffer",
    "util/cert",
    "util/connrotation",
    "util/flowcontrol",
    "util/homedir",
    "util/integer",
    "util/jsonpath",
    "util/retry",
    "util/workqueue",
  ]
  pruneopts = "NUT"
  revision = "4f3abb12cae2d6817e1b6d72d9cbc3d3a6ddf965"
  version = "kubernetes-1.12.9"

[[projects]]
  digest = "1:26b81b5e76e3f84ea5140da4f74649576e470f79091d2ef8e0d1b5000bc636ca"
  name = "k8s.io/code-generator"
  packages = [
    "cmd/deepcopy-gen",
    "cmd/deepcopy-gen/args",
    "cmd/openapi-gen",
    "cmd/openapi-gen/args",
    "pkg/util",
  ]
  pruneopts = "T"
  revision = "b1289fc74931d4b6b04bd1a259acfc88a2cb0a66"
  version = "kubernetes-1.12.9"

[[projects]]
  branch = "master"
  digest = "1:4e07c417d966628ee9e471354ad5e311c9c25ff357d42fd0dd2f81a40caf6aad"
  name = "k8s.io/gengo"
  packages = [
    "args",
    "examples/deepcopy-gen/generators",
    "examples/set-gen/sets",
    "generator",
    "namer",
    "parser",
    "types",
  ]
  pruneopts = "NT"
  revision = "0689ccc1d7d65d9dd1bedcc3b0b1ed7df91ba266"

[[projects]]
  digest = "1:c263611800c3a97991dbcf9d3bc4de390f6224aaa8ca0a7226a9d734f65a416a"
  name = "k8s.io/klog"
  packages = ["."]
  pruneopts = "NUT"
  revision = "71442cd4037d612096940ceb0f3fec3f7fff66e0"
  version = "v0.2.0"

[[projects]]
  branch = "release-1.10"
  digest = "1:5e6cf5c86780f55cab6254217bc22e327606b6d09aed280ac12494d837327512"
  name = "k8s.io/kube-openapi"
  packages = [
    "pkg/common",
    "pkg/generators",
    "pkg/util/proto",
  ]
  pruneopts = "NUT"
  revision = "39cb288412c48cb533ba4be5d6c28620b9a0c1b4"

[[projects]]
  digest = "0:"
  name = "k8s.io/kubernetes"
  packages = [
    "pkg/cloudprovider/providers/azure/auth",
    "pkg/credentialprovider",
    "pkg/credentialprovider/aws",
    "pkg/credentialprovider/azure",
    "pkg/credentialprovider/gcp",
    "pkg/credentialprovider/secrets",
  ]
  pruneopts = "NUT"
  revision = ""
  version = "v1.13.3"

[[projects]]
  branch = "master"
  digest = "1:98bfb68d62e4df4c94f54f333dea17c1f2d26c5b70620b6c9ad6d7bbc6a0f7ea"
  name = "k8s.io/utils"
  packages = ["pointer"]
  pruneopts = "NUT"
  revision = "3d4f5b7dea0b7c63c77d7fb1f0ee433ad8d54667"

[[projects]]
  digest = "1:5136d715354b29616a153fbf60d3ea46b5ec88b709b932ce46e372e3485ebd66"
  name = "sigs.k8s.io/controller-runtime"
  packages = [
    "pkg/cache",
    "pkg/cache/internal",
    "pkg/client",
    "pkg/client/apiutil",
    "pkg/client/config",
    "pkg/controller",
    "pkg/controller/controllerutil",
    "pkg/envtest",
    "pkg/envtest/printer",
    "pkg/event",
    "pkg/handler",
    "pkg/internal/controller",
    "pkg/internal/controller/metrics",
    "pkg/internal/recorder",
    "pkg/leaderelection",
    "pkg/manager",
    "pkg/metrics",
    "pkg/patch",
    "pkg/predicate",
    "pkg/reconcile",
    "pkg/recorder",
    "pkg/runtime/inject",
    "pkg/runtime/log",
    "pkg/runtime/scheme",
    "pkg/runtime/signals",
    "pkg/source",
    "pkg/source/internal",
    "pkg/webhook",
    "pkg/webhook/admission",
    "pkg/webhook/admission/builder",
    "pkg/webhook/admission/types",
    "pkg/webhook/internal/cert",
    "pkg/webhook/internal/cert/generator",
    "pkg/webhook/internal/cert/writer",
    "pkg/webhook/internal/cert/writer/atomic",
    "pkg/webhook/internal/metrics",
    "pkg/webhook/types",
  ]
  pruneopts = "NUT"
  revision = "f6f0bc9611363b43664d08fb097ab13243ef621d"
  version = "v0.1.9"

[[projects]]
  digest = "1:946a62b07e59b9abd1f475a5b5c8d590255c1d40627f386d34fd073d3de9ecb8"
  name = "sigs.k8s.io/controller-tools"
  packages = [
    "cmd/controller-gen",
    "pkg/crd/generator",
    "pkg/crd/util",
    "pkg/internal/codegen",
    "pkg/internal/codegen/parse",
    "pkg/internal/general",
    "pkg/rbac",
    "pkg/util",
    "pkg/webhook",
    "pkg/webhook/internal",
  ]
  pruneopts = "NUT"
  revision = "950a0e88e4effb864253b3c7504b326cc83b9d11"
  version = "v0.1.8"

[[projects]]
  digest = "1:237ad09ac561f3e3a2a2e9f3fee85fea98c0f41f381ac80562b05bdaa9fe89c6"
  name = "sigs.k8s.io/testing_frameworks"
  packages = [
    "integration",
    "integration/addr",
    "integration/internal",
  ]
  pruneopts = "NUT"
  revision = "d348cb12705b516376e0c323bacca72b00a78425"
  version = "v0.1.1"

[[projects]]
  digest = "1:8730e0150dfb2b7e173890c8b9868e7a273082ef8e39f4940e3506a481cf895c"
  name = "sigs.k8s.io/yaml"
  packages = ["."]
  pruneopts = "NUT"
  revision = "fd68e9863619f6ec2fdd8625fe1f02e7c877e480"
  version = "v1.1.0"

[solve-meta]
  analyzer-name = "dep"
  analyzer-version = 1
  input-imports = [
    "github.com/awalterschulze/gographviz",
    "github.com/c-bata/goptuna",
    "github.com/c-bata/goptuna/cmaes",
    "github.com/c-bata/goptuna/tpe",
    "github.com/emicklei/go-restful",
    "github.com/ghodss/yaml",
    "github.com/go-openapi/spec",
    "github.com/go-sql-driver/mysql",
    "github.com/golang/mock/gomock",
    "github.com/golang/protobuf/proto",
    "github.com/golang/protobuf/protoc-gen-go",
    "github.com/google/go-containerregistry/pkg/authn",
    "github.com/google/go-containerregistry/pkg/authn/k8schain",
    "github.com/google/go-containerregistry/pkg/name",
    "github.com/google/go-containerregistry/pkg/v1",
    "github.com/google/go-containerregistry/pkg/v1/remote",
    "github.com/grpc-ecosystem/go-grpc-middleware/retry",
    "github.com/grpc-ecosystem/grpc-gateway/protoc-gen-grpc-gateway",
    "github.com/grpc-ecosystem/grpc-gateway/protoc-gen-swagger",
    "github.com/grpc-ecosystem/grpc-gateway/runtime",
    "github.com/grpc-ecosystem/grpc-gateway/utilities",
    "github.com/hpcloud/tail",
    "github.com/kubeflow/pytorch-operator/pkg/apis/pytorch/v1",
    "github.com/kubeflow/tf-operator/pkg/apis/common/v1",
    "github.com/kubeflow/tf-operator/pkg/apis/tensorflow/v1",
    "github.com/mattbaird/jsonpatch",
    "github.com/mitchellh/go-ps",
    "github.com/onsi/ginkgo",
    "github.com/onsi/gomega",
    "github.com/prometheus/client_golang/prometheus",
    "github.com/spf13/viper",
    "golang.org/x/net/context",
    "google.golang.org/genproto/googleapis/api/annotations",
    "google.golang.org/grpc",
    "google.golang.org/grpc/codes",
    "google.golang.org/grpc/grpclog",
    "google.golang.org/grpc/reflection",
    "google.golang.org/grpc/status",
    "gopkg.in/DATA-DOG/go-sqlmock.v1",
    "k8s.io/api/admissionregistration/v1beta1",
    "k8s.io/api/apps/v1",
    "k8s.io/api/batch/v1",
    "k8s.io/api/batch/v1beta1",
    "k8s.io/api/core/v1",
    "k8s.io/apiextensions-apiserver/pkg/apis/apiextensions/v1beta1",
    "k8s.io/apimachinery/pkg/api/equality",
    "k8s.io/apimachinery/pkg/api/errors",
    "k8s.io/apimachinery/pkg/api/meta",
    "k8s.io/apimachinery/pkg/api/resource",
    "k8s.io/apimachinery/pkg/apis/meta/v1",
    "k8s.io/apimachinery/pkg/apis/meta/v1/unstructured",
    "k8s.io/apimachinery/pkg/labels",
    "k8s.io/apimachinery/pkg/runtime",
    "k8s.io/apimachinery/pkg/runtime/schema",
    "k8s.io/apimachinery/pkg/runtime/serializer",
    "k8s.io/apimachinery/pkg/types",
    "k8s.io/apimachinery/pkg/util/intstr",
    "k8s.io/apimachinery/pkg/util/rand",
    "k8s.io/apimachinery/pkg/util/runtime",
    "k8s.io/apimachinery/pkg/util/yaml",
    "k8s.io/apimachinery/pkg/watch",
    "k8s.io/client-go/discovery",
    "k8s.io/client-go/discovery/fake",
    "k8s.io/client-go/kubernetes/scheme",
    "k8s.io/client-go/plugin/pkg/client/auth/gcp",
    "k8s.io/client-go/rest",
    "k8s.io/client-go/testing",
    "k8s.io/client-go/tools/cache",
    "k8s.io/client-go/tools/record",
    "k8s.io/client-go/util/flowcontrol",
    "k8s.io/code-generator/cmd/deepcopy-gen",
    "k8s.io/code-generator/cmd/openapi-gen",
    "k8s.io/klog",
    "k8s.io/kube-openapi/pkg/common",
    "k8s.io/utils/pointer",
    "sigs.k8s.io/controller-runtime/pkg/cache",
    "sigs.k8s.io/controller-runtime/pkg/client",
    "sigs.k8s.io/controller-runtime/pkg/client/config",
    "sigs.k8s.io/controller-runtime/pkg/controller",
    "sigs.k8s.io/controller-runtime/pkg/controller/controllerutil",
    "sigs.k8s.io/controller-runtime/pkg/envtest",
    "sigs.k8s.io/controller-runtime/pkg/handler",
    "sigs.k8s.io/controller-runtime/pkg/manager",
    "sigs.k8s.io/controller-runtime/pkg/metrics",
    "sigs.k8s.io/controller-runtime/pkg/reconcile",
    "sigs.k8s.io/controller-runtime/pkg/runtime/inject",
    "sigs.k8s.io/controller-runtime/pkg/runtime/log",
    "sigs.k8s.io/controller-runtime/pkg/runtime/scheme",
    "sigs.k8s.io/controller-runtime/pkg/runtime/signals",
    "sigs.k8s.io/controller-runtime/pkg/source",
    "sigs.k8s.io/controller-runtime/pkg/webhook",
    "sigs.k8s.io/controller-runtime/pkg/webhook/admission",
    "sigs.k8s.io/controller-runtime/pkg/webhook/admission/builder",
    "sigs.k8s.io/controller-runtime/pkg/webhook/admission/types",
    "sigs.k8s.io/controller-tools/cmd/controller-gen",
    "sigs.k8s.io/testing_frameworks/integration",
  ]
  solver-name = "gps-cdcl"
  solver-version = 1
